
Microsoft Visual Studio Solution File, Format Version 12.00
# Visual Studio 15
VisualStudioVersion = 15.0.26124.0
MinimumVisualStudioVersion = 15.0.26124.0
Project("{2150E333-8FDC-42A3-9474-1A3956D46DE8}") = "src", "src", "{B9488A13-CB6D-40D7-8C25-9A7C1FFEB3A8}"
EndProject
Project("{FAE04EC0-301F-11D3-BF4B-00C04F79EFBC}") = "Testinator.EntityFrameworkCore.SqlServer", "src\Testinator.EntityFrameworkCore.SqlServer\Testinator.EntityFrameworkCore.SqlServer.csproj", "{E99F780B-75CB-4C78-AAE0-ABDBF23C0FB9}"
EndProject
Project("{FAE04EC0-301F-11D3-BF4B-00C04F79EFBC}") = "Testinator.EntityFrameworkCore.SqlServer.Test", "src\Testinator.EntityFrameworkCore.SqlServer.Test\Testinator.EntityFrameworkCore.SqlServer.Test.csproj", "{AB6551A6-0113-4C7D-B15C-C1752082DAFA}"
EndProject
Global
	GlobalSection(SolutionConfigurationPlatforms) = preSolution
		Debug|Any CPU = Debug|Any CPU
		Debug|x64 = Debug|x64
		Debug|x86 = Debug|x86
		Release|Any CPU = Release|Any CPU
		Release|x64 = Release|x64
		Release|x86 = Release|x86
	EndGlobalSection
	GlobalSection(SolutionProperties) = preSolution
		HideSolutionNode = FALSE
	EndGlobalSection
	GlobalSection(ProjectConfigurationPlatforms) = postSolution
		{E99F780B-75CB-4C78-AAE0-ABDBF23C0FB9}.Debug|Any CPU.ActiveCfg = Debug|Any CPU
		{E99F780B-75CB-4C78-AAE0-ABDBF23C0FB9}.Debug|Any CPU.Build.0 = Debug|Any CPU
		{E99F780B-75CB-4C78-AAE0-ABDBF23C0FB9}.Debug|x64.ActiveCfg = Debug|Any CPU
		{E99F780B-75CB-4C78-AAE0-ABDBF23C0FB9}.Debug|x64.Build.0 = Debug|Any CPU
		{E99F780B-75CB-4C78-AAE0-ABDBF23C0FB9}.Debug|x86.ActiveCfg = Debug|Any CPU
		{E99F780B-75CB-4C78-AAE0-ABDBF23C0FB9}.Debug|x86.Build.0 = Debug|Any CPU
		{E99F780B-75CB-4C78-AAE0-ABDBF23C0FB9}.Release|Any CPU.ActiveCfg = Release|Any CPU
		{E99F780B-75CB-4C78-AAE0-ABDBF23C0FB9}.Release|Any CPU.Build.0 = Release|Any CPU
		{E99F780B-75CB-4C78-AAE0-ABDBF23C0FB9}.Release|x64.ActiveCfg = Release|Any CPU
		{E99F780B-75CB-4C78-AAE0-ABDBF23C0FB9}.Release|x64.Build.0 = Release|Any CPU
		{E99F780B-75CB-4C78-AAE0-ABDBF23C0FB9}.Release|x86.ActiveCfg = Release|Any CPU
		{E99F780B-75CB-4C78-AAE0-ABDBF23C0FB9}.Release|x86.Build.0 = Release|Any CPU
		{AB6551A6-0113-4C7D-B15C-C1752082DAFA}.Debug|Any CPU.ActiveCfg = Debug|Any CPU
		{AB6551A6-0113-4C7D-B15C-C1752082DAFA}.Debug|Any CPU.Build.0 = Debug|Any CPU
		{AB6551A6-0113-4C7D-B15C-C1752082DAFA}.Debug|x64.ActiveCfg = Debug|Any CPU
		{AB6551A6-0113-4C7D-B15C-C1752082DAFA}.Debug|x64.Build.0 = Debug|Any CPU
		{AB6551A6-0113-4C7D-B15C-C1752082DAFA}.Debug|x86.ActiveCfg = Debug|Any CPU
		{AB6551A6-0113-4C7D-B15C-C1752082DAFA}.Debug|x86.Build.0 = Debug|Any CPU
		{AB6551A6-0113-4C7D-B15C-C1752082DAFA}.Release|Any CPU.ActiveCfg = Release|Any CPU
		{AB6551A6-0113-4C7D-B15C-C1752082DAFA}.Release|Any CPU.Build.0 = Release|Any CPU
		{AB6551A6-0113-4C7D-B15C-C1752082DAFA}.Release|x64.ActiveCfg = Release|Any CPU
		{AB6551A6-0113-4C7D-B15C-C1752082DAFA}.Release|x64.Build.0 = Release|Any CPU
		{AB6551A6-0113-4C7D-B15C-C1752082DAFA}.Release|x86.ActiveCfg = Release|Any CPU
		{AB6551A6-0113-4C7D-B15C-C1752082DAFA}.Release|x86.Build.0 = Release|Any CPU
	EndGlobalSection
	GlobalSection(NestedProjects) = preSolution
		{E99F780B-75CB-4C78-AAE0-ABDBF23C0FB9} = {B9488A13-CB6D-40D7-8C25-9A7C1FFEB3A8}
		{AB6551A6-0113-4C7D-B15C-C1752082DAFA} = {B9488A13-CB6D-40D7-8C25-9A7C1FFEB3A8}
	EndGlobalSection
EndGlobal
